
Microsoft Visual Studio Solution File, Format Version 12.00
# Visual Studio Version 17
VisualStudioVersion = 17.12.35514.174
MinimumVisualStudioVersion = 10.0.40219.1
Project("{8BC9CEB8-8B4A-11D0-8D11-00A0C91BC942}") = "Editor_Window", "MinEngine.vcxproj", "{E0A3F337-73EC-4BA8-A363-F89DBA9DB7B9}"
EndProject
Project("{8BC9CEB8-8B4A-11D0-8D11-00A0C91BC942}") = "MinEngine_Window", "MinEngine_Window\MinEngine_Window.vcxproj", "{3A8831D2-782E-4D03-9FD2-5F0D55A02E59}"
EndProject
Project("{8BC9CEB8-8B4A-11D0-8D11-00A0C91BC942}") = "MinEngine_SOURCE", "MinEngine_SOURCE\MinEngine_SOURCE.vcxitems", "{B27C82D9-BBB1-4220-A447-F9F3DA406E0A}"
EndProject
Global
	GlobalSection(SolutionConfigurationPlatforms) = preSolution
		Debug|x64 = Debug|x64
		Debug|x86 = Debug|x86
		Release|x64 = Release|x64
		Release|x86 = Release|x86
	EndGlobalSection
	GlobalSection(ProjectConfigurationPlatforms) = postSolution
		{E0A3F337-73EC-4BA8-A363-F89DBA9DB7B9}.Debug|x64.ActiveCfg = Debug|x64
		{E0A3F337-73EC-4BA8-A363-F89DBA9DB7B9}.Debug|x64.Build.0 = Debug|x64
		{E0A3F337-73EC-4BA8-A363-F89DBA9DB7B9}.Debug|x86.ActiveCfg = Debug|Win32
		{E0A3F337-73EC-4BA8-A363-F89DBA9DB7B9}.Debug|x86.Build.0 = Debug|Win32
		{E0A3F337-73EC-4BA8-A363-F89DBA9DB7B9}.Release|x64.ActiveCfg = Release|x64
		{E0A3F337-73EC-4BA8-A363-F89DBA9DB7B9}.Release|x64.Build.0 = Release|x64
		{E0A3F337-73EC-4BA8-A363-F89DBA9DB7B9}.Release|x86.ActiveCfg = Release|Win32
		{E0A3F337-73EC-4BA8-A363-F89DBA9DB7B9}.Release|x86.Build.0 = Release|Win32
		{3A8831D2-782E-4D03-9FD2-5F0D55A02E59}.Debug|x64.ActiveCfg = Debug|x64
		{3A8831D2-782E-4D03-9FD2-5F0D55A02E59}.Debug|x64.Build.0 = Debug|x64
		{3A8831D2-782E-4D03-9FD2-5F0D55A02E59}.Debug|x86.ActiveCfg = Debug|Win32
		{3A8831D2-782E-4D03-9FD2-5F0D55A02E59}.Debug|x86.Build.0 = Debug|Win32
		{3A8831D2-782E-4D03-9FD2-5F0D55A02E59}.Release|x64.ActiveCfg = Release|x64
		{3A8831D2-782E-4D03-9FD2-5F0D55A02E59}.Release|x64.Build.0 = Release|x64
		{3A8831D2-782E-4D03-9FD2-5F0D55A02E59}.Release|x86.ActiveCfg = Release|Win32
		{3A8831D2-782E-4D03-9FD2-5F0D55A02E59}.Release|x86.Build.0 = Release|Win32
	EndGlobalSection
	GlobalSection(SolutionProperties) = preSolution
		HideSolutionNode = FALSE
	EndGlobalSection
	GlobalSection(SharedMSBuildProjectFiles) = preSolution
		MinEngine_SOURCE\MinEngine_SOURCE.vcxitems*{3a8831d2-782e-4d03-9fd2-5f0d55a02e59}*SharedItemsImports = 4
		MinEngine_SOURCE\MinEngine_SOURCE.vcxitems*{b27c82d9-bbb1-4220-a447-f9f3da406e0a}*SharedItemsImports = 9
		MinEngine_SOURCE\MinEngine_SOURCE.vcxitems*{e0a3f337-73ec-4ba8-a363-f89dba9db7b9}*SharedItemsImports = 4
	EndGlobalSection
EndGlobal
