<?xml version="1.0" encoding="utf-8"?>
<Project ToolsVersion="4.0" xmlns="http://schemas.microsoft.com/developer/msbuild/2003">
  <ItemGroup>
    <ClCompile Include="$(MSBuildThisFileDirectory)Bullet.cpp" />
    <ClCompile Include="$(MSBuildThisFileDirectory)minApplication.cpp" />
    <ClCompile Include="$(MSBuildThisFileDirectory)minEntity.cpp" />
    <ClCompile Include="$(MSBuildThisFileDirectory)minGameObject.cpp" />
    <ClCompile Include="$(MSBuildThisFileDirectory)minPlayer.cpp" />
    <ClCompile Include="$(MSBuildThisFileDirectory)minInput.cpp" />
    <ClCompile Include="$(MSBuildThisFileDirectory)minMonster.cpp" />
    <ClCompile Include="$(MSBuildThisFileDirectory)minScene.cpp" />
    <ClCompile Include="$(MSBuildThisFileDirectory)minSceneManager.cpp" />
    <ClCompile Include="$(MSBuildThisFileDirectory)minTime.cpp" />
    <ClCompile Include="$(MSBuildThisFileDirectory)Terrain.cpp">
      <Filter>object</Filter>
    </ClCompile>
  </ItemGroup>
  <ItemGroup>
    <ClInclude Include="$(MSBuildThisFileDirectory)Bullet.h" />
    <ClInclude Include="$(MSBuildThisFileDirectory)CommonInclude.h" />
    <ClInclude Include="$(MSBuildThisFileDirectory)minApplication.h" />
    <ClInclude Include="$(MSBuildThisFileDirectory)minEntity.h" />
    <ClInclude Include="$(MSBuildThisFileDirectory)minGameObject.h" />
    <ClInclude Include="$(MSBuildThisFileDirectory)minPlayer.h" />
    <ClInclude Include="$(MSBuildThisFileDirectory)minInput.h" />
    <ClInclude Include="$(MSBuildThisFileDirectory)minMonster.h" />
    <ClInclude Include="$(MSBuildThisFileDirectory)minScene.h" />
    <ClInclude Include="$(MSBuildThisFileDirectory)minSceneManager.h" />
    <ClInclude Include="$(MSBuildThisFileDirectory)minTime.h" />
    <ClInclude Include="$(MSBuildThisFileDirectory)Terrain.h">
      <Filter>object</Filter>
    </ClInclude>
  </ItemGroup>
  <ItemGroup>
    <Filter Include="object">
      <UniqueIdentifier>{5c72b455-78dd-4997-9ba4-5e85a063bce7}</UniqueIdentifier>
    </Filter>
    <Filter Include="scene">
      <UniqueIdentifier>{bdb3415e-8dc1-49d5-8666-7fe66cd1558c}</UniqueIdentifier>
    </Filter>
    <Filter Include="Resources">
      <UniqueIdentifier>{c9eb5b04-ce1f-4eb4-a92a-92fc0612b588}</UniqueIdentifier>
    </Filter>
  </ItemGroup>
  <ItemGroup>
    <Image Include="$(MSBuildThisFileDirectory)..\..\..\..\OneDrive\바탕 화면\록맨x4 리소스\PlayStation - Mega Man X4 - Stage Select.png">
      <Filter>Resources</Filter>
    </Image>
    <Image Include="$(MSBuildThisFileDirectory)..\..\..\..\OneDrive\바탕 화면\록맨x4 리소스\PlayStation - Mega Man X4 - X.png">
      <Filter>Resources</Filter>
    </Image>
    <Image Include="$(MSBuildThisFileDirectory)..\..\..\..\OneDrive\바탕 화면\록맨x4 리소스\PlayStation - Mega Man X4 - Yukidarubon.png">
      <Filter>Resources</Filter>
    </Image>
    <Image Include="$(MSBuildThisFileDirectory)..\..\..\..\OneDrive\바탕 화면\록맨x4 리소스\PlayStation - Mega Man X4 - Zero.png">
      <Filter>Resources</Filter>
    </Image>
  </ItemGroup>
</Project>